schema: '2.0'
stages:
  scanpy:
    cmd: python scripts/run_scanpy.py
    deps:
    - path: scripts/run_scanpy.py
      hash: md5
      md5: 713f8727eb0e608749945f1850292f3e
      size: 1041
    - path: src/scrnaseq_lightgbm/preprocessing/scanpy_pipeline.py
      hash: md5
      md5: 9c52f7cabc7c36770a6ff55b88f9bceb
      size: 3448
    params:
      params.yaml:
        paths:
          processed: data/processed/processed.h5ad
          annotated: data/processed/annotated.h5ad
          model: artifacts/models/lightgbm_model.txt
          metrics: artifacts/metrics/metrics.json
          figures: artifacts/figures
        scanpy:
          input_path:
          dataset_name: paul15
          n_top_genes: 2000
          n_pcs: 50
          n_neighbors: 15
          leiden_resolution: 2.5
    outs:
    - path: data/processed/processed.h5ad
      hash: md5
      md5: 8a453779a51eb650b2dbec5685b62f87
      size: 24510604
  lightgbm:
    cmd: python scripts/run_lightgbm.py
    deps:
    - path: data/processed/processed.h5ad
      hash: md5
      md5: 8a453779a51eb650b2dbec5685b62f87
      size: 24510604
    - path: scripts/run_lightgbm.py
      hash: md5
      md5: b990bf67412bb88b4f4587bfbdf0c252
      size: 1562
    - path: src/scrnaseq_lightgbm/models/lightgbm_pipeline.py
      hash: md5
      md5: dd94d89e39f2561d6b0b3829111739cb
      size: 15756
    params:
      params.yaml:
        evaluation:
          low_confidence_threshold: 0.6
        lightgbm:
          feature_key: X_pca
          label_key: leiden
          test_size: 0.2
          random_state: 42
          n_estimators: 100
          learning_rate: 0.1
          cv_folds: 5
          cv_repeats: 3
        paths:
          processed: data/processed/processed.h5ad
          annotated: data/processed/annotated.h5ad
          model: artifacts/models/lightgbm_model.txt
          metrics: artifacts/metrics/metrics.json
          figures: artifacts/figures
    outs:
    - path: artifacts/metrics/metrics.json
      hash: md5
      md5: 8a5296c55012cd06ab2acdb2b6b253b5
      size: 2025
    - path: artifacts/models/lightgbm_model.txt
      hash: md5
      md5: 97d4b28f5b0dd39ecea13ea54c2ccc71
      size: 5686177
    - path: data/processed/annotated.h5ad
      hash: md5
      md5: 0a5b6729f2d97f1ba285373617112f60
      size: 25070586
  visualize:
    cmd: python scripts/plot_umap.py
    deps:
    - path: data/processed/annotated.h5ad
      hash: md5
      md5: 0a5b6729f2d97f1ba285373617112f60
      size: 25070586
    - path: scripts/plot_umap.py
      hash: md5
      md5: 7a02aeb58e322e9777ceb162e82f8cb7
      size: 2119
    outs:
    - path: artifacts/figures
      hash: md5
      md5: cf5a310b69685f3bf343ee66f800c71c.dir
      size: 1004950
      nfiles: 5
